
Microsoft Visual Studio Solution File, Format Version 12.00
# Visual Studio 15
VisualStudioVersion = 15.0.27428.2002
MinimumVisualStudioVersion = 10.0.40219.1
Project("{FAE04EC0-301F-11D3-BF4B-00C04F79EFBC}") = "ServiceAndroid", "ServiceAndroid.csproj", "{88DF1842-09EC-4A17-96D3-3CF23D8495EF}"
EndProject
Global
	GlobalSection(SolutionConfigurationPlatforms) = preSolution
		Debug|x86 = Debug|x86
		Release|x86 = Release|x86
	EndGlobalSection
	GlobalSection(ProjectConfigurationPlatforms) = postSolution
		{88DF1842-09EC-4A17-96D3-3CF23D8495EF}.Debug|x86.ActiveCfg = Debug|x86
		{88DF1842-09EC-4A17-96D3-3CF23D8495EF}.Debug|x86.Build.0 = Debug|x86
		{88DF1842-09EC-4A17-96D3-3CF23D8495EF}.Release|x86.ActiveCfg = Release|x86
		{88DF1842-09EC-4A17-96D3-3CF23D8495EF}.Release|x86.Build.0 = Release|x86
	EndGlobalSection
	GlobalSection(SolutionProperties) = preSolution
		HideSolutionNode = FALSE
	EndGlobalSection
	GlobalSection(ExtensibilityGlobals) = postSolution
		SolutionGuid = {570EAEE3-A284-4B2E-B011-636528240F64}
	EndGlobalSection
EndGlobal
